
Microsoft Visual Studio Solution File, Format Version 12.00
# Visual Studio Version 17
VisualStudioVersion = 17.8.34601.278
MinimumVisualStudioVersion = 10.0.40219.1
Project("{9A19103F-16F7-4668-BE54-9A1E7A4F7556}") = "SupSim_T_Rex", "SupSim_T_Rex.csproj", "{5C8BD1C9-3B32-40F3-8AB4-39899D9A4D26}"
EndProject
Global
	GlobalSection(SolutionConfigurationPlatforms) = preSolution
		Debug|Any CPU = Debug|Any CPU
		Release|Any CPU = Release|Any CPU
	EndGlobalSection
	GlobalSection(ProjectConfigurationPlatforms) = postSolution
		{5C8BD1C9-3B32-40F3-8AB4-39899D9A4D26}.Debug|Any CPU.ActiveCfg = Debug|Any CPU
		{5C8BD1C9-3B32-40F3-8AB4-39899D9A4D26}.Debug|Any CPU.Build.0 = Debug|Any CPU
		{5C8BD1C9-3B32-40F3-8AB4-39899D9A4D26}.Release|Any CPU.ActiveCfg = Release|Any CPU
		{5C8BD1C9-3B32-40F3-8AB4-39899D9A4D26}.Release|Any CPU.Build.0 = Release|Any CPU
	EndGlobalSection
	GlobalSection(SolutionProperties) = preSolution
		HideSolutionNode = FALSE
	EndGlobalSection
	GlobalSection(ExtensibilityGlobals) = postSolution
		SolutionGuid = {0BC15CDA-DDF3-468D-9C46-936CA04702CA}
	EndGlobalSection
EndGlobal
